<?xml version="1.0" encoding="UTF-8"?>
<CodeBlocks_project_file>
	<FileVersion major="1" minor="6"/>
	<Project>
		<Option title="tests"/>
		<Option makefile_is_custom="1"/>
		<Option compiler="gcc"/>
		<Option virtualFolders="CMake Files\;CMake Files\cmake\;CMake Files\src\;CMake Files\src\common\;CMake Files\src\common\math\;CMake Files\src\common\messages\;CMake Files\src\common\utils\;CMake Files\src\common\utils\xbox-controller\;CMake Files\src\gcs\;CMake Files\src\gcs-client\;CMake Files\src\gnc\;CMake Files\src\gnc\state\;CMake Files\src\gnc\control\;CMake Files\src\gnc\kalman\;CMake Files\src\gnc\slam\;CMake Files\src\lidar\;CMake Files\src\obstacles\;CMake Files\src\tanfan\;CMake Files\src\vision\;CMake Files\..\;CMake Files\..\..\;CMake Files\..\..\..\;CMake Files\..\..\..\..\;CMake Files\..\..\..\..\usr\;CMake Files\..\..\..\..\usr\local\;CMake Files\..\..\..\..\usr\local\lib\;CMake Files\..\..\..\..\usr\local\lib\cmake\;CMake Files\..\..\..\..\usr\local\lib\cmake\Pangolin\;CMake Files\examples\;CMake Files\examples\gnc\;CMake Files\thirdparty\;CMake Files\thirdparty\DBoW2\;CMake Files\thirdparty\g2o\;CMake Files\tests\;CMake Files\tests\gnc\;"/>
		<Build>
			<Target title="all">
				<Option working_dir="/home/akhilesh93/MAAV/software/tests/gnc"/>
				<Option type="4"/>
				<MakeCommands>
					<Build command="/usr/bin/make -f &quot;/home/akhilesh93/MAAV/software/tests/gnc/Makefile&quot;  VERBOSE=1 all"/>
					<CompileFile command="/usr/bin/make -f &quot;/home/akhilesh93/MAAV/software/tests/gnc/Makefile&quot;  VERBOSE=1 &quot;$file&quot;"/>
					<Clean command="/usr/bin/make -f &quot;/home/akhilesh93/MAAV/software/tests/gnc/Makefile&quot;  VERBOSE=1 clean"/>
					<DistClean command="/usr/bin/make -f &quot;/home/akhilesh93/MAAV/software/tests/gnc/Makefile&quot;  VERBOSE=1 clean"/>
				</MakeCommands>
			</Target>
			<Target title="pid_test">
				<Option output="/home/akhilesh93/MAAV/software/bin/test/pid_test" prefix_auto="0" extension_auto="0"/>
				<Option working_dir="/home/akhilesh93/MAAV/software/bin/test"/>
				<Option object_output="./"/>
				<Option type="1"/>
				<Option compiler="gcc"/>
				<Compiler>
					<Add option="-DBOOST_TEST_DYN_LINK"/>
					<Add directory="/home/akhilesh93/MAAV/software/include"/>
					<Add directory="/home/akhilesh93/MAAV/software/generated"/>
					<Add directory="/home/akhilesh93/MAAV/software/thirdparty/eigen"/>
					<Add directory="/home/akhilesh93/MAAV/software/thirdparty/Sophus"/>
					<Add directory="/home/akhilesh93/MAAV/software/thirdparty/g2o"/>
					<Add directory="/home/akhilesh93/MAAV/software/thirdparty/opencv/include"/>
					<Add directory="/usr/local/lib/cmake/Pangolin/../../../include"/>
					<Add directory="/home/akhilesh93/MAAV/software/thirdparty/DBoW2"/>
					<Add directory="/usr/include/eigen3"/>
					<Add directory="/usr/local/include"/>
				</Compiler>
				<MakeCommands>
					<Build command="/usr/bin/make -f &quot;/home/akhilesh93/MAAV/software/tests/gnc/Makefile&quot;  VERBOSE=1 pid_test"/>
					<CompileFile command="/usr/bin/make -f &quot;/home/akhilesh93/MAAV/software/tests/gnc/Makefile&quot;  VERBOSE=1 &quot;$file&quot;"/>
					<Clean command="/usr/bin/make -f &quot;/home/akhilesh93/MAAV/software/tests/gnc/Makefile&quot;  VERBOSE=1 clean"/>
					<DistClean command="/usr/bin/make -f &quot;/home/akhilesh93/MAAV/software/tests/gnc/Makefile&quot;  VERBOSE=1 clean"/>
				</MakeCommands>
			</Target>
			<Target title="pid_test/fast">
				<Option output="/home/akhilesh93/MAAV/software/bin/test/pid_test" prefix_auto="0" extension_auto="0"/>
				<Option working_dir="/home/akhilesh93/MAAV/software/bin/test"/>
				<Option object_output="./"/>
				<Option type="1"/>
				<Option compiler="gcc"/>
				<Compiler>
					<Add option="-DBOOST_TEST_DYN_LINK"/>
					<Add directory="/home/akhilesh93/MAAV/software/include"/>
					<Add directory="/home/akhilesh93/MAAV/software/generated"/>
					<Add directory="/home/akhilesh93/MAAV/software/thirdparty/eigen"/>
					<Add directory="/home/akhilesh93/MAAV/software/thirdparty/Sophus"/>
					<Add directory="/home/akhilesh93/MAAV/software/thirdparty/g2o"/>
					<Add directory="/home/akhilesh93/MAAV/software/thirdparty/opencv/include"/>
					<Add directory="/usr/local/lib/cmake/Pangolin/../../../include"/>
					<Add directory="/home/akhilesh93/MAAV/software/thirdparty/DBoW2"/>
					<Add directory="/usr/include/eigen3"/>
					<Add directory="/usr/local/include"/>
				</Compiler>
				<MakeCommands>
					<Build command="/usr/bin/make -f &quot;/home/akhilesh93/MAAV/software/tests/gnc/Makefile&quot;  VERBOSE=1 pid_test/fast"/>
					<CompileFile command="/usr/bin/make -f &quot;/home/akhilesh93/MAAV/software/tests/gnc/Makefile&quot;  VERBOSE=1 &quot;$file&quot;"/>
					<Clean command="/usr/bin/make -f &quot;/home/akhilesh93/MAAV/software/tests/gnc/Makefile&quot;  VERBOSE=1 clean"/>
					<DistClean command="/usr/bin/make -f &quot;/home/akhilesh93/MAAV/software/tests/gnc/Makefile&quot;  VERBOSE=1 clean"/>
				</MakeCommands>
			</Target>
			<Target title="testhelper">
				<Option output="/home/akhilesh93/MAAV/software/lib/libtesthelper.so" prefix_auto="0" extension_auto="0"/>
				<Option working_dir="/home/akhilesh93/MAAV/software/tests/gnc"/>
				<Option object_output="./"/>
				<Option type="3"/>
				<Option compiler="gcc"/>
				<Compiler>
					<Add option="-DBOOST_TEST_DYN_LINK"/>
					<Add directory="/home/akhilesh93/MAAV/software/include"/>
					<Add directory="/home/akhilesh93/MAAV/software/generated"/>
					<Add directory="/home/akhilesh93/MAAV/software/thirdparty/eigen"/>
					<Add directory="/home/akhilesh93/MAAV/software/thirdparty/Sophus"/>
					<Add directory="/home/akhilesh93/MAAV/software/thirdparty/g2o"/>
					<Add directory="/home/akhilesh93/MAAV/software/thirdparty/opencv/include"/>
					<Add directory="/usr/local/lib/cmake/Pangolin/../../../include"/>
					<Add directory="/home/akhilesh93/MAAV/software/thirdparty/DBoW2"/>
					<Add directory="/usr/include/eigen3"/>
					<Add directory="/usr/local/include"/>
				</Compiler>
				<MakeCommands>
					<Build command="/usr/bin/make -f &quot;/home/akhilesh93/MAAV/software/tests/gnc/Makefile&quot;  VERBOSE=1 testhelper"/>
					<CompileFile command="/usr/bin/make -f &quot;/home/akhilesh93/MAAV/software/tests/gnc/Makefile&quot;  VERBOSE=1 &quot;$file&quot;"/>
					<Clean command="/usr/bin/make -f &quot;/home/akhilesh93/MAAV/software/tests/gnc/Makefile&quot;  VERBOSE=1 clean"/>
					<DistClean command="/usr/bin/make -f &quot;/home/akhilesh93/MAAV/software/tests/gnc/Makefile&quot;  VERBOSE=1 clean"/>
				</MakeCommands>
			</Target>
			<Target title="testhelper/fast">
				<Option output="/home/akhilesh93/MAAV/software/lib/libtesthelper.so" prefix_auto="0" extension_auto="0"/>
				<Option working_dir="/home/akhilesh93/MAAV/software/tests/gnc"/>
				<Option object_output="./"/>
				<Option type="3"/>
				<Option compiler="gcc"/>
				<Compiler>
					<Add option="-DBOOST_TEST_DYN_LINK"/>
					<Add directory="/home/akhilesh93/MAAV/software/include"/>
					<Add directory="/home/akhilesh93/MAAV/software/generated"/>
					<Add directory="/home/akhilesh93/MAAV/software/thirdparty/eigen"/>
					<Add directory="/home/akhilesh93/MAAV/software/thirdparty/Sophus"/>
					<Add directory="/home/akhilesh93/MAAV/software/thirdparty/g2o"/>
					<Add directory="/home/akhilesh93/MAAV/software/thirdparty/opencv/include"/>
					<Add directory="/usr/local/lib/cmake/Pangolin/../../../include"/>
					<Add directory="/home/akhilesh93/MAAV/software/thirdparty/DBoW2"/>
					<Add directory="/usr/include/eigen3"/>
					<Add directory="/usr/local/include"/>
				</Compiler>
				<MakeCommands>
					<Build command="/usr/bin/make -f &quot;/home/akhilesh93/MAAV/software/tests/gnc/Makefile&quot;  VERBOSE=1 testhelper/fast"/>
					<CompileFile command="/usr/bin/make -f &quot;/home/akhilesh93/MAAV/software/tests/gnc/Makefile&quot;  VERBOSE=1 &quot;$file&quot;"/>
					<Clean command="/usr/bin/make -f &quot;/home/akhilesh93/MAAV/software/tests/gnc/Makefile&quot;  VERBOSE=1 clean"/>
					<DistClean command="/usr/bin/make -f &quot;/home/akhilesh93/MAAV/software/tests/gnc/Makefile&quot;  VERBOSE=1 clean"/>
				</MakeCommands>
			</Target>
			<Target title="history_test">
				<Option output="/home/akhilesh93/MAAV/software/bin/test/history_test" prefix_auto="0" extension_auto="0"/>
				<Option working_dir="/home/akhilesh93/MAAV/software/bin/test"/>
				<Option object_output="./"/>
				<Option type="1"/>
				<Option compiler="gcc"/>
				<Compiler>
					<Add option="-DBOOST_TEST_DYN_LINK"/>
					<Add directory="/home/akhilesh93/MAAV/software/include"/>
					<Add directory="/home/akhilesh93/MAAV/software/generated"/>
					<Add directory="/home/akhilesh93/MAAV/software/thirdparty/eigen"/>
					<Add directory="/home/akhilesh93/MAAV/software/thirdparty/Sophus"/>
					<Add directory="/home/akhilesh93/MAAV/software/thirdparty/g2o"/>
					<Add directory="/home/akhilesh93/MAAV/software/thirdparty/opencv/include"/>
					<Add directory="/usr/local/lib/cmake/Pangolin/../../../include"/>
					<Add directory="/home/akhilesh93/MAAV/software/thirdparty/DBoW2"/>
					<Add directory="/usr/include/eigen3"/>
					<Add directory="/usr/local/include"/>
				</Compiler>
				<MakeCommands>
					<Build command="/usr/bin/make -f &quot;/home/akhilesh93/MAAV/software/tests/gnc/Makefile&quot;  VERBOSE=1 history_test"/>
					<CompileFile command="/usr/bin/make -f &quot;/home/akhilesh93/MAAV/software/tests/gnc/Makefile&quot;  VERBOSE=1 &quot;$file&quot;"/>
					<Clean command="/usr/bin/make -f &quot;/home/akhilesh93/MAAV/software/tests/gnc/Makefile&quot;  VERBOSE=1 clean"/>
					<DistClean command="/usr/bin/make -f &quot;/home/akhilesh93/MAAV/software/tests/gnc/Makefile&quot;  VERBOSE=1 clean"/>
				</MakeCommands>
			</Target>
			<Target title="history_test/fast">
				<Option output="/home/akhilesh93/MAAV/software/bin/test/history_test" prefix_auto="0" extension_auto="0"/>
				<Option working_dir="/home/akhilesh93/MAAV/software/bin/test"/>
				<Option object_output="./"/>
				<Option type="1"/>
				<Option compiler="gcc"/>
				<Compiler>
					<Add option="-DBOOST_TEST_DYN_LINK"/>
					<Add directory="/home/akhilesh93/MAAV/software/include"/>
					<Add directory="/home/akhilesh93/MAAV/software/generated"/>
					<Add directory="/home/akhilesh93/MAAV/software/thirdparty/eigen"/>
					<Add directory="/home/akhilesh93/MAAV/software/thirdparty/Sophus"/>
					<Add directory="/home/akhilesh93/MAAV/software/thirdparty/g2o"/>
					<Add directory="/home/akhilesh93/MAAV/software/thirdparty/opencv/include"/>
					<Add directory="/usr/local/lib/cmake/Pangolin/../../../include"/>
					<Add directory="/home/akhilesh93/MAAV/software/thirdparty/DBoW2"/>
					<Add directory="/usr/include/eigen3"/>
					<Add directory="/usr/local/include"/>
				</Compiler>
				<MakeCommands>
					<Build command="/usr/bin/make -f &quot;/home/akhilesh93/MAAV/software/tests/gnc/Makefile&quot;  VERBOSE=1 history_test/fast"/>
					<CompileFile command="/usr/bin/make -f &quot;/home/akhilesh93/MAAV/software/tests/gnc/Makefile&quot;  VERBOSE=1 &quot;$file&quot;"/>
					<Clean command="/usr/bin/make -f &quot;/home/akhilesh93/MAAV/software/tests/gnc/Makefile&quot;  VERBOSE=1 clean"/>
					<DistClean command="/usr/bin/make -f &quot;/home/akhilesh93/MAAV/software/tests/gnc/Makefile&quot;  VERBOSE=1 clean"/>
				</MakeCommands>
			</Target>
			<Target title="state_test">
				<Option output="/home/akhilesh93/MAAV/software/bin/test/state_test" prefix_auto="0" extension_auto="0"/>
				<Option working_dir="/home/akhilesh93/MAAV/software/bin/test"/>
				<Option object_output="./"/>
				<Option type="1"/>
				<Option compiler="gcc"/>
				<Compiler>
					<Add option="-DBOOST_TEST_DYN_LINK"/>
					<Add directory="/home/akhilesh93/MAAV/software/include"/>
					<Add directory="/home/akhilesh93/MAAV/software/generated"/>
					<Add directory="/home/akhilesh93/MAAV/software/thirdparty/eigen"/>
					<Add directory="/home/akhilesh93/MAAV/software/thirdparty/Sophus"/>
					<Add directory="/home/akhilesh93/MAAV/software/thirdparty/g2o"/>
					<Add directory="/home/akhilesh93/MAAV/software/thirdparty/opencv/include"/>
					<Add directory="/usr/local/lib/cmake/Pangolin/../../../include"/>
					<Add directory="/home/akhilesh93/MAAV/software/thirdparty/DBoW2"/>
					<Add directory="/usr/include/eigen3"/>
					<Add directory="/usr/local/include"/>
				</Compiler>
				<MakeCommands>
					<Build command="/usr/bin/make -f &quot;/home/akhilesh93/MAAV/software/tests/gnc/Makefile&quot;  VERBOSE=1 state_test"/>
					<CompileFile command="/usr/bin/make -f &quot;/home/akhilesh93/MAAV/software/tests/gnc/Makefile&quot;  VERBOSE=1 &quot;$file&quot;"/>
					<Clean command="/usr/bin/make -f &quot;/home/akhilesh93/MAAV/software/tests/gnc/Makefile&quot;  VERBOSE=1 clean"/>
					<DistClean command="/usr/bin/make -f &quot;/home/akhilesh93/MAAV/software/tests/gnc/Makefile&quot;  VERBOSE=1 clean"/>
				</MakeCommands>
			</Target>
			<Target title="state_test/fast">
				<Option output="/home/akhilesh93/MAAV/software/bin/test/state_test" prefix_auto="0" extension_auto="0"/>
				<Option working_dir="/home/akhilesh93/MAAV/software/bin/test"/>
				<Option object_output="./"/>
				<Option type="1"/>
				<Option compiler="gcc"/>
				<Compiler>
					<Add option="-DBOOST_TEST_DYN_LINK"/>
					<Add directory="/home/akhilesh93/MAAV/software/include"/>
					<Add directory="/home/akhilesh93/MAAV/software/generated"/>
					<Add directory="/home/akhilesh93/MAAV/software/thirdparty/eigen"/>
					<Add directory="/home/akhilesh93/MAAV/software/thirdparty/Sophus"/>
					<Add directory="/home/akhilesh93/MAAV/software/thirdparty/g2o"/>
					<Add directory="/home/akhilesh93/MAAV/software/thirdparty/opencv/include"/>
					<Add directory="/usr/local/lib/cmake/Pangolin/../../../include"/>
					<Add directory="/home/akhilesh93/MAAV/software/thirdparty/DBoW2"/>
					<Add directory="/usr/include/eigen3"/>
					<Add directory="/usr/local/include"/>
				</Compiler>
				<MakeCommands>
					<Build command="/usr/bin/make -f &quot;/home/akhilesh93/MAAV/software/tests/gnc/Makefile&quot;  VERBOSE=1 state_test/fast"/>
					<CompileFile command="/usr/bin/make -f &quot;/home/akhilesh93/MAAV/software/tests/gnc/Makefile&quot;  VERBOSE=1 &quot;$file&quot;"/>
					<Clean command="/usr/bin/make -f &quot;/home/akhilesh93/MAAV/software/tests/gnc/Makefile&quot;  VERBOSE=1 clean"/>
					<DistClean command="/usr/bin/make -f &quot;/home/akhilesh93/MAAV/software/tests/gnc/Makefile&quot;  VERBOSE=1 clean"/>
				</MakeCommands>
			</Target>
			<Target title="unscented_transform_test">
				<Option output="/home/akhilesh93/MAAV/software/bin/test/unscented_transform_test" prefix_auto="0" extension_auto="0"/>
				<Option working_dir="/home/akhilesh93/MAAV/software/bin/test"/>
				<Option object_output="./"/>
				<Option type="1"/>
				<Option compiler="gcc"/>
				<Compiler>
					<Add option="-DBOOST_TEST_DYN_LINK"/>
					<Add directory="/home/akhilesh93/MAAV/software/include"/>
					<Add directory="/home/akhilesh93/MAAV/software/generated"/>
					<Add directory="/home/akhilesh93/MAAV/software/thirdparty/eigen"/>
					<Add directory="/home/akhilesh93/MAAV/software/thirdparty/Sophus"/>
					<Add directory="/home/akhilesh93/MAAV/software/thirdparty/g2o"/>
					<Add directory="/home/akhilesh93/MAAV/software/thirdparty/opencv/include"/>
					<Add directory="/usr/local/lib/cmake/Pangolin/../../../include"/>
					<Add directory="/home/akhilesh93/MAAV/software/thirdparty/DBoW2"/>
					<Add directory="/usr/include/eigen3"/>
					<Add directory="/usr/local/include"/>
				</Compiler>
				<MakeCommands>
					<Build command="/usr/bin/make -f &quot;/home/akhilesh93/MAAV/software/tests/gnc/Makefile&quot;  VERBOSE=1 unscented_transform_test"/>
					<CompileFile command="/usr/bin/make -f &quot;/home/akhilesh93/MAAV/software/tests/gnc/Makefile&quot;  VERBOSE=1 &quot;$file&quot;"/>
					<Clean command="/usr/bin/make -f &quot;/home/akhilesh93/MAAV/software/tests/gnc/Makefile&quot;  VERBOSE=1 clean"/>
					<DistClean command="/usr/bin/make -f &quot;/home/akhilesh93/MAAV/software/tests/gnc/Makefile&quot;  VERBOSE=1 clean"/>
				</MakeCommands>
			</Target>
			<Target title="unscented_transform_test/fast">
				<Option output="/home/akhilesh93/MAAV/software/bin/test/unscented_transform_test" prefix_auto="0" extension_auto="0"/>
				<Option working_dir="/home/akhilesh93/MAAV/software/bin/test"/>
				<Option object_output="./"/>
				<Option type="1"/>
				<Option compiler="gcc"/>
				<Compiler>
					<Add option="-DBOOST_TEST_DYN_LINK"/>
					<Add directory="/home/akhilesh93/MAAV/software/include"/>
					<Add directory="/home/akhilesh93/MAAV/software/generated"/>
					<Add directory="/home/akhilesh93/MAAV/software/thirdparty/eigen"/>
					<Add directory="/home/akhilesh93/MAAV/software/thirdparty/Sophus"/>
					<Add directory="/home/akhilesh93/MAAV/software/thirdparty/g2o"/>
					<Add directory="/home/akhilesh93/MAAV/software/thirdparty/opencv/include"/>
					<Add directory="/usr/local/lib/cmake/Pangolin/../../../include"/>
					<Add directory="/home/akhilesh93/MAAV/software/thirdparty/DBoW2"/>
					<Add directory="/usr/include/eigen3"/>
					<Add directory="/usr/local/include"/>
				</Compiler>
				<MakeCommands>
					<Build command="/usr/bin/make -f &quot;/home/akhilesh93/MAAV/software/tests/gnc/Makefile&quot;  VERBOSE=1 unscented_transform_test/fast"/>
					<CompileFile command="/usr/bin/make -f &quot;/home/akhilesh93/MAAV/software/tests/gnc/Makefile&quot;  VERBOSE=1 &quot;$file&quot;"/>
					<Clean command="/usr/bin/make -f &quot;/home/akhilesh93/MAAV/software/tests/gnc/Makefile&quot;  VERBOSE=1 clean"/>
					<DistClean command="/usr/bin/make -f &quot;/home/akhilesh93/MAAV/software/tests/gnc/Makefile&quot;  VERBOSE=1 clean"/>
				</MakeCommands>
			</Target>
		</Build>
		<Unit filename="/home/akhilesh93/MAAV/software/tests/gnc/history_test.cpp">
			<Option target="history_test"/>
		</Unit>
		<Unit filename="/home/akhilesh93/MAAV/software/tests/gnc/pid_test.cpp">
			<Option target="pid_test"/>
		</Unit>
		<Unit filename="/home/akhilesh93/MAAV/software/tests/gnc/state_test.cpp">
			<Option target="state_test"/>
		</Unit>
		<Unit filename="/home/akhilesh93/MAAV/software/tests/gnc/test_helpers.cpp">
			<Option target="testhelper"/>
		</Unit>
		<Unit filename="/home/akhilesh93/MAAV/software/tests/gnc/test_helpers.hpp">
			<Option target="testhelper"/>
		</Unit>
		<Unit filename="/home/akhilesh93/MAAV/software/tests/gnc/unscented_transform_test.cpp">
			<Option target="unscented_transform_test"/>
		</Unit>
		<Unit filename="/home/akhilesh93/MAAV/software/CMakeLists.txt">
			<Option virtualFolder="CMake Files\"/>
		</Unit>
		<Unit filename="/home/akhilesh93/MAAV/software/cmake/FindDBOW2.cmake">
			<Option virtualFolder="CMake Files\cmake\"/>
		</Unit>
		<Unit filename="/home/akhilesh93/MAAV/software/cmake/FindEigen3.cmake">
			<Option virtualFolder="CMake Files\cmake\"/>
		</Unit>
		<Unit filename="/home/akhilesh93/MAAV/software/cmake/FindG2O.cmake">
			<Option virtualFolder="CMake Files\cmake\"/>
		</Unit>
		<Unit filename="/home/akhilesh93/MAAV/software/cmake/FindLibRealSense.cmake">
			<Option virtualFolder="CMake Files\cmake\"/>
		</Unit>
		<Unit filename="/home/akhilesh93/MAAV/software/cmake/FindLibRealSense2.cmake">
			<Option virtualFolder="CMake Files\cmake\"/>
		</Unit>
		<Unit filename="/home/akhilesh93/MAAV/software/cmake/FindOpenCV.cmake">
			<Option virtualFolder="CMake Files\cmake\"/>
		</Unit>
		<Unit filename="/home/akhilesh93/MAAV/software/cmake/FindSophus.cmake">
			<Option virtualFolder="CMake Files\cmake\"/>
		</Unit>
		<Unit filename="/home/akhilesh93/MAAV/software/cmake/FindYAML.cmake">
			<Option virtualFolder="CMake Files\cmake\"/>
		</Unit>
		<Unit filename="/home/akhilesh93/MAAV/software/cmake/FindZCM.cmake">
			<Option virtualFolder="CMake Files\cmake\"/>
		</Unit>
		<Unit filename="/home/akhilesh93/MAAV/software/cmake/Findudev.cmake">
			<Option virtualFolder="CMake Files\cmake\"/>
		</Unit>
		<Unit filename="/home/akhilesh93/MAAV/software/src/CMakeLists.txt">
			<Option virtualFolder="CMake Files\src\"/>
		</Unit>
		<Unit filename="/home/akhilesh93/MAAV/software/src/common/CMakeLists.txt">
			<Option virtualFolder="CMake Files\src\common\"/>
		</Unit>
		<Unit filename="/home/akhilesh93/MAAV/software/src/common/math/CMakeLists.txt">
			<Option virtualFolder="CMake Files\src\common\math\"/>
		</Unit>
		<Unit filename="/home/akhilesh93/MAAV/software/src/common/messages/CMakeLists.txt">
			<Option virtualFolder="CMake Files\src\common\messages\"/>
		</Unit>
		<Unit filename="/home/akhilesh93/MAAV/software/src/common/utils/CMakeLists.txt">
			<Option virtualFolder="CMake Files\src\common\utils\"/>
		</Unit>
		<Unit filename="/home/akhilesh93/MAAV/software/src/common/utils/xbox-controller/CMakeLists.txt">
			<Option virtualFolder="CMake Files\src\common\utils\xbox-controller\"/>
		</Unit>
		<Unit filename="/home/akhilesh93/MAAV/software/src/gcs/CMakeLists.txt">
			<Option virtualFolder="CMake Files\src\gcs\"/>
		</Unit>
		<Unit filename="/home/akhilesh93/MAAV/software/src/gcs-client/CMakeLists.txt">
			<Option virtualFolder="CMake Files\src\gcs-client\"/>
		</Unit>
		<Unit filename="/home/akhilesh93/MAAV/software/src/gnc/CMakeLists.txt">
			<Option virtualFolder="CMake Files\src\gnc\"/>
		</Unit>
		<Unit filename="/home/akhilesh93/MAAV/software/src/gnc/state/CMakeLists.txt">
			<Option virtualFolder="CMake Files\src\gnc\state\"/>
		</Unit>
		<Unit filename="/home/akhilesh93/MAAV/software/src/gnc/control/CMakeLists.txt">
			<Option virtualFolder="CMake Files\src\gnc\control\"/>
		</Unit>
		<Unit filename="/home/akhilesh93/MAAV/software/src/gnc/kalman/CMakeLists.txt">
			<Option virtualFolder="CMake Files\src\gnc\kalman\"/>
		</Unit>
		<Unit filename="/home/akhilesh93/MAAV/software/src/gnc/slam/CMakeLists.txt">
			<Option virtualFolder="CMake Files\src\gnc\slam\"/>
		</Unit>
		<Unit filename="/home/akhilesh93/MAAV/software/src/lidar/CMakeLists.txt">
			<Option virtualFolder="CMake Files\src\lidar\"/>
		</Unit>
		<Unit filename="/home/akhilesh93/MAAV/software/src/obstacles/CMakeLists.txt">
			<Option virtualFolder="CMake Files\src\obstacles\"/>
		</Unit>
		<Unit filename="/home/akhilesh93/MAAV/software/src/tanfan/CMakeLists.txt">
			<Option virtualFolder="CMake Files\src\tanfan\"/>
		</Unit>
		<Unit filename="/home/akhilesh93/MAAV/software/src/vision/CMakeLists.txt">
			<Option virtualFolder="CMake Files\src\vision\"/>
		</Unit>
		<Unit filename="/home/akhilesh93/MAAV/software/../../../../usr/local/lib/cmake/Pangolin/PangolinConfig.cmake">
			<Option virtualFolder="CMake Files\..\..\..\..\usr\local\lib\cmake\Pangolin\"/>
		</Unit>
		<Unit filename="/home/akhilesh93/MAAV/software/../../../../usr/local/lib/cmake/Pangolin/PangolinConfigVersion.cmake">
			<Option virtualFolder="CMake Files\..\..\..\..\usr\local\lib\cmake\Pangolin\"/>
		</Unit>
		<Unit filename="/home/akhilesh93/MAAV/software/../../../../usr/local/lib/cmake/Pangolin/PangolinTargets-release.cmake">
			<Option virtualFolder="CMake Files\..\..\..\..\usr\local\lib\cmake\Pangolin\"/>
		</Unit>
		<Unit filename="/home/akhilesh93/MAAV/software/../../../../usr/local/lib/cmake/Pangolin/PangolinTargets.cmake">
			<Option virtualFolder="CMake Files\..\..\..\..\usr\local\lib\cmake\Pangolin\"/>
		</Unit>
		<Unit filename="/home/akhilesh93/MAAV/software/examples/CMakeLists.txt">
			<Option virtualFolder="CMake Files\examples\"/>
		</Unit>
		<Unit filename="/home/akhilesh93/MAAV/software/examples/gnc/CMakeLists.txt">
			<Option virtualFolder="CMake Files\examples\gnc\"/>
		</Unit>
		<Unit filename="/home/akhilesh93/MAAV/software/thirdparty/CMakeLists.txt">
			<Option virtualFolder="CMake Files\thirdparty\"/>
		</Unit>
		<Unit filename="/home/akhilesh93/MAAV/software/thirdparty/DBoW2/CMakeLists.txt">
			<Option virtualFolder="CMake Files\thirdparty\DBoW2\"/>
		</Unit>
		<Unit filename="/home/akhilesh93/MAAV/software/thirdparty/g2o/CMakeLists.txt">
			<Option virtualFolder="CMake Files\thirdparty\g2o\"/>
		</Unit>
		<Unit filename="/home/akhilesh93/MAAV/software/thirdparty/g2o/config.h.in">
			<Option virtualFolder="CMake Files\thirdparty\g2o\"/>
		</Unit>
		<Unit filename="/home/akhilesh93/MAAV/software/tests/CMakeLists.txt">
			<Option virtualFolder="CMake Files\tests\"/>
		</Unit>
		<Unit filename="/home/akhilesh93/MAAV/software/tests/gnc/CMakeLists.txt">
			<Option virtualFolder="CMake Files\tests\gnc\"/>
		</Unit>
	</Project>
</CodeBlocks_project_file>
